# This file is automatically @generated by Cargo.
# It is not intended for manual editing.
version = 4

[[package]]
name = "array"
version = "0.1.0"

[[package]]
name = "binding"
version = "0.1.0"

[[package]]
name = "cargo"
version = "0.1.0"

[[package]]
name = "closure"
version = "0.1.0"

[[package]]
name = "custom_types"
version = "0.1.0"

[[package]]
name = "destructing"
version = "0.1.0"

[[package]]
name = "exe"
version = "0.1.0"

[[package]]
name = "expression"
version = "0.1.0"

[[package]]
name = "fmt"
version = "0.1.0"

[[package]]
name = "for_loop"
version = "0.1.0"

[[package]]
name = "from"
version = "0.1.0"

[[package]]
name = "functions"
version = "0.1.0"

[[package]]
name = "guard"
version = "0.1.0"

[[package]]
name = "hello"
version = "0.1.0"

[[package]]
name = "if_else"
version = "0.1.0"

[[package]]
name = "if_let"
version = "0.1.0"

[[package]]
name = "into"
version = "0.1.0"

[[package]]
name = "loop_loop"
version = "0.1.0"

[[package]]
name = "string"
version = "0.1.0"

[[package]]
name = "try_trait"
version = "0.1.0"

[[package]]
name = "while_loop"
version = "0.1.0"
