# This file is automatically @generated by Cargo.
# It is not intended for manual editing.
version = 4

[[package]]
name = "array"
version = "0.1.0"

[[package]]
name = "cargo"
version = "0.1.0"

[[package]]
name = "from"
version = "0.1.0"

[[package]]
name = "hello"
version = "0.1.0"

[[package]]
name = "into"
version = "0.1.0"

[[package]]
name = "string"
version = "0.1.0"

[[package]]
name = "try_trait"
version = "0.1.0"
